Microsoft Visual Studio Solution File, Format Version 12.00
# Visual Studio 2012
Project("{FAE04EC0-301F-11D3-BF4B-00C04F79EFBC}") = "Perf Test", "Perf Test.csproj", "{B1ED7E84-1F06-45D8-8DCF-7DD89688D557}"
EndProject
Global
	GlobalSection(SolutionConfigurationPlatforms) = preSolution
	Debug|Any CPU = Debug|Any CPU
	ExportDebug|Any CPU = ExportDebug|Any CPU
	ExportRelease|Any CPU = ExportRelease|Any CPU
	EndGlobalSection
	GlobalSection(ProjectConfigurationPlatforms) = postSolution
		{B1ED7E84-1F06-45D8-8DCF-7DD89688D557}.Debug|Any CPU.ActiveCfg = Debug|Any CPU
		{B1ED7E84-1F06-45D8-8DCF-7DD89688D557}.Debug|Any CPU.Build.0 = Debug|Any CPU
		{B1ED7E84-1F06-45D8-8DCF-7DD89688D557}.ExportDebug|Any CPU.ActiveCfg = ExportDebug|Any CPU
		{B1ED7E84-1F06-45D8-8DCF-7DD89688D557}.ExportDebug|Any CPU.Build.0 = ExportDebug|Any CPU
		{B1ED7E84-1F06-45D8-8DCF-7DD89688D557}.ExportRelease|Any CPU.ActiveCfg = ExportRelease|Any CPU
		{B1ED7E84-1F06-45D8-8DCF-7DD89688D557}.ExportRelease|Any CPU.Build.0 = ExportRelease|Any CPU
	EndGlobalSection
EndGlobal
